
Microsoft Visual Studio Solution File, Format Version 12.00
# Visual Studio 2012
Project("{8BC9CEB8-8B4A-11D0-8D11-00A0C91BC942}") = "BicRF", "BicRF.vcxproj", "{B679D096-4D7D-42BC-90D0-6425813ACE80}"
EndProject
Global
	GlobalSection(SolutionConfigurationPlatforms) = preSolution
		Debug|Win32 = Debug|Win32
		Release|Win32 = Release|Win32
	EndGlobalSection
	GlobalSection(ProjectConfigurationPlatforms) = postSolution
		{B679D096-4D7D-42BC-90D0-6425813ACE80}.Debug|Win32.ActiveCfg = Debug|Win32
		{B679D096-4D7D-42BC-90D0-6425813ACE80}.Debug|Win32.Build.0 = Debug|Win32
		{B679D096-4D7D-42BC-90D0-6425813ACE80}.Release|Win32.ActiveCfg = Release|Win32
		{B679D096-4D7D-42BC-90D0-6425813ACE80}.Release|Win32.Build.0 = Release|Win32
	EndGlobalSection
	GlobalSection(SolutionProperties) = preSolution
		HideSolutionNode = FALSE
	EndGlobalSection
EndGlobal
